// !$*UTF8*$!
{
	archiveVersion = 1;
	classes = {
	};
	objectVersion = 46;
	objects = {

/* Begin PBXBuildFile section */
		381E2D0A1B73D1F900171763 /* Coach.m in Sources */ = {isa = PBXBuildFile; fileRef = 381E2D091B73D1F900171763 /* Coach.m */; };
		AC050A001B431363004FA68F /* SparklineContainerView.m in Sources */ = {isa = PBXBuildFile; fileRef = AC0509FF1B431363004FA68F /* SparklineContainerView.m */; };
		AC050A031B43151A004FA68F /* BlurpVC.m in Sources */ = {isa = PBXBuildFile; fileRef = AC050A021B43151A004FA68F /* BlurpVC.m */; };
		AC050A071B431705004FA68F /* BrickVC.m in Sources */ = {isa = PBXBuildFile; fileRef = AC050A051B431705004FA68F /* BrickVC.m */; };
		AC050A081B431705004FA68F /* BrickVC.xib in Resources */ = {isa = PBXBuildFile; fileRef = AC050A061B431705004FA68F /* BrickVC.xib */; };
		AC050A0B1B4317B0004FA68F /* SparklineTileView.m in Sources */ = {isa = PBXBuildFile; fileRef = AC050A0A1B4317B0004FA68F /* SparklineTileView.m */; };
		AC050A0F1B43185D004FA68F /* SparklineView.m in Sources */ = {isa = PBXBuildFile; fileRef = AC050A0E1B43185D004FA68F /* SparklineView.m */; };
		AC050A121B4318A3004FA68F /* AutolayoutUtils.m in Sources */ = {isa = PBXBuildFile; fileRef = AC050A111B4318A3004FA68F /* AutolayoutUtils.m */; };
		AC069D471AE97AA200AFEBDA /* backstraight.aiff in Resources */ = {isa = PBXBuildFile; fileRef = AC069D461AE97AA200AFEBDA /* backstraight.aiff */; };
		AC160B7B1ACE062E002275D8 /* LBBarChartView.m in Sources */ = {isa = PBXBuildFile; fileRef = AC160B7A1ACE062E002275D8 /* LBBarChartView.m */; };
		AC2E42BB1A898B9B004CB504 /* Icon-57.png in Resources */ = {isa = PBXBuildFile; fileRef = AC2E42BA1A898B9B004CB504 /* Icon-57.png */; };
		AC2F53D31AB8B7DC0001C3CF /* ConsoleVC.m in Sources */ = {isa = PBXBuildFile; fileRef = AC2F53D11AB8B7DC0001C3CF /* ConsoleVC.m */; };
		AC2F53D41AB8B7DC0001C3CF /* ConsoleVC.xib in Resources */ = {isa = PBXBuildFile; fileRef = AC2F53D21AB8B7DC0001C3CF /* ConsoleVC.xib */; };
		AC438EE91B30D05500B1C0F5 /* iphone_back.png in Resources */ = {isa = PBXBuildFile; fileRef = AC438EE71B30D05500B1C0F5 /* iphone_back.png */; };
		AC438EEA1B30D05500B1C0F5 /* iphone_front.png in Resources */ = {isa = PBXBuildFile; fileRef = AC438EE81B30D05500B1C0F5 /* iphone_front.png */; };
		AC60E56D1A8A6FFD00E73EC5 /* cfuncs.m in Sources */ = {isa = PBXBuildFile; fileRef = AC60E56C1A8A6FFD00E73EC5 /* cfuncs.m */; };
		AC7D5A091A968E4D003FFB11 /* MenuVC.xib in Resources */ = {isa = PBXBuildFile; fileRef = AC7D5A071A968E4D003FFB11 /* MenuVC.xib */; };
		AC7D5A121A96A4A2003FFB11 /* Utils.m in Sources */ = {isa = PBXBuildFile; fileRef = AC7D5A111A96A4A2003FFB11 /* Utils.m */; };
		AC7EEBFB1AA51B4D009BB0A2 /* Default-568h@2x.png in Resources */ = {isa = PBXBuildFile; fileRef = AC7EEBFA1AA51B4D009BB0A2 /* Default-568h@2x.png */; };
		AC855AB11AA110FA001D761C /* ConnectVC.m in Sources */ = {isa = PBXBuildFile; fileRef = AC855AAF1AA110FA001D761C /* ConnectVC.m */; };
		AC855AB21AA110FA001D761C /* ConnectVC.xib in Resources */ = {isa = PBXBuildFile; fileRef = AC855AB01AA110FA001D761C /* ConnectVC.xib */; };
		AC855ACB1AA116FE001D761C /* SensoPlex.m in Sources */ = {isa = PBXBuildFile; fileRef = AC855AB91AA116FE001D761C /* SensoPlex.m */; };
		AC855ACC1AA116FE001D761C /* SensorData.m in Sources */ = {isa = PBXBuildFile; fileRef = AC855ABB1AA116FE001D761C /* SensorData.m */; };
		AC855ACD1AA116FE001D761C /* SensorDataAbstract.m in Sources */ = {isa = PBXBuildFile; fileRef = AC855ABD1AA116FE001D761C /* SensorDataAbstract.m */; };
		AC855ACE1AA116FE001D761C /* SensorDataConfig.m in Sources */ = {isa = PBXBuildFile; fileRef = AC855ABF1AA116FE001D761C /* SensorDataConfig.m */; };
		AC855ACF1AA116FE001D761C /* SensorDataLogStatus.m in Sources */ = {isa = PBXBuildFile; fileRef = AC855AC21AA116FE001D761C /* SensorDataLogStatus.m */; };
		AC855AD01AA116FE001D761C /* SensorDataLogStreamConfig.m in Sources */ = {isa = PBXBuildFile; fileRef = AC855AC41AA116FE001D761C /* SensorDataLogStreamConfig.m */; };
		AC855AD11AA116FE001D761C /* SensorLogData.m in Sources */ = {isa = PBXBuildFile; fileRef = AC855AC61AA116FE001D761C /* SensorLogData.m */; };
		AC855AD21AA116FE001D761C /* SSPacketLogger.m in Sources */ = {isa = PBXBuildFile; fileRef = AC855AC81AA116FE001D761C /* SSPacketLogger.m */; };
		AC855AD31AA116FE001D761C /* SSPacketParser.m in Sources */ = {isa = PBXBuildFile; fileRef = AC855ACA1AA116FE001D761C /* SSPacketParser.m */; };
		AC855AD81AA11ABD001D761C /* MoLogger.m in Sources */ = {isa = PBXBuildFile; fileRef = AC855AD71AA11ABD001D761C /* MoLogger.m */; };
		AC9F59B51AA4E447007FDBDB /* BluetoothMasterCell.m in Sources */ = {isa = PBXBuildFile; fileRef = AC9F59B41AA4E447007FDBDB /* BluetoothMasterCell.m */; };
		ACA43FFC1A65C4C2009C30C0 /* main.m in Sources */ = {isa = PBXBuildFile; fileRef = ACA43FFB1A65C4C2009C30C0 /* main.m */; };
		ACA43FFF1A65C4C2009C30C0 /* AppDelegate.m in Sources */ = {isa = PBXBuildFile; fileRef = ACA43FFE1A65C4C2009C30C0 /* AppDelegate.m */; };
		ACA440161A65C4C2009C30C0 /* sensorecTests.m in Sources */ = {isa = PBXBuildFile; fileRef = ACA440151A65C4C2009C30C0 /* sensorecTests.m */; };
		ACA440221A65C683009C30C0 /* MainVC.m in Sources */ = {isa = PBXBuildFile; fileRef = ACA440201A65C683009C30C0 /* MainVC.m */; };
		ACA440231A65C683009C30C0 /* MainVC.xib in Resources */ = {isa = PBXBuildFile; fileRef = ACA440211A65C683009C30C0 /* MainVC.xib */; };
		ACA4402E1A66E3DB009C30C0 /* green-led-on-md.png in Resources */ = {isa = PBXBuildFile; fileRef = ACA4402C1A66E3DB009C30C0 /* green-led-on-md.png */; };
		ACA4402F1A66E3DB009C30C0 /* led-red-control-md.png in Resources */ = {isa = PBXBuildFile; fileRef = ACA4402D1A66E3DB009C30C0 /* led-red-control-md.png */; };
		ACA4403D1A68A2CE009C30C0 /* amber-led-on-md.png in Resources */ = {isa = PBXBuildFile; fileRef = ACA4403C1A68A2CE009C30C0 /* amber-led-on-md.png */; };
		ACD0DB1B1A6D92D60038E94D /* sensorec.png in Resources */ = {isa = PBXBuildFile; fileRef = ACD0DB1A1A6D92D60038E94D /* sensorec.png */; };
		ACD0DB241A6D9B3B0038E94D /* Icon-76.png in Resources */ = {isa = PBXBuildFile; fileRef = ACD0DB201A6D9B3B0038E94D /* Icon-76.png */; };
		ACD0DB251A6D9B3B0038E94D /* Icon-120.png in Resources */ = {isa = PBXBuildFile; fileRef = ACD0DB211A6D9B3B0038E94D /* Icon-120.png */; };
		ACD0DB261A6D9B3B0038E94D /* Icon-152.png in Resources */ = {isa = PBXBuildFile; fileRef = ACD0DB221A6D9B3B0038E94D /* Icon-152.png */; };
		ACD0DB271A6D9B3B0038E94D /* Icon-180.png in Resources */ = {isa = PBXBuildFile; fileRef = ACD0DB231A6D9B3B0038E94D /* Icon-180.png */; };
		ACD0DB321A6D9C5F0038E94D /* Icon-29.png in Resources */ = {isa = PBXBuildFile; fileRef = ACD0DB281A6D9C5F0038E94D /* Icon-29.png */; };
		ACD0DB331A6D9C5F0038E94D /* Icon-40.png in Resources */ = {isa = PBXBuildFile; fileRef = ACD0DB291A6D9C5F0038E94D /* Icon-40.png */; };
		ACD0DB351A6D9C5F0038E94D /* Icon-58.png in Resources */ = {isa = PBXBuildFile; fileRef = ACD0DB2B1A6D9C5F0038E94D /* Icon-58.png */; };
		ACD0DB361A6D9C5F0038E94D /* Icon-60.png in Resources */ = {isa = PBXBuildFile; fileRef = ACD0DB2C1A6D9C5F0038E94D /* Icon-60.png */; };
		ACD0DB371A6D9C5F0038E94D /* Icon-72.png in Resources */ = {isa = PBXBuildFile; fileRef = ACD0DB2D1A6D9C5F0038E94D /* Icon-72.png */; };
		ACD0DB381A6D9C5F0038E94D /* Icon-80.png in Resources */ = {isa = PBXBuildFile; fileRef = ACD0DB2E1A6D9C5F0038E94D /* Icon-80.png */; };
		ACD0DB391A6D9C5F0038E94D /* Icon-114.png in Resources */ = {isa = PBXBuildFile; fileRef = ACD0DB2F1A6D9C5F0038E94D /* Icon-114.png */; };
		ACD0DB3A1A6D9C5F0038E94D /* Icon-144.png in Resources */ = {isa = PBXBuildFile; fileRef = ACD0DB301A6D9C5F0038E94D /* Icon-144.png */; };
		ACF272091A71A95600595091 /* black-led-off-md.png in Resources */ = {isa = PBXBuildFile; fileRef = ACF272071A71A95600595091 /* black-led-off-md.png */; };
		ACF2720A1A71A95600595091 /* grey-led-md.png in Resources */ = {isa = PBXBuildFile; fileRef = ACF272081A71A95600595091 /* grey-led-md.png */; };
/* End PBXBuildFile section */

/* Begin PBXContainerItemProxy section */
		ACA440101A65C4C2009C30C0 /* PBXContainerItemProxy */ = {
			isa = PBXContainerItemProxy;
			containerPortal = ACA43FEE1A65C4C2009C30C0 /* Project object */;
			proxyType = 1;
			remoteGlobalIDString = ACA43FF51A65C4C2009C30C0;
			remoteInfo = sensorec;
		};
/* End PBXContainerItemProxy section */

/* Begin PBXFileReference section */
		381E2D081B73D1F900171763 /* Coach.h */ = {isa = PBXFileReference; fileEncoding = 4; lastKnownFileType = sourcecode.c.h; path = Coach.h; sourceTree = "<group>"; };
		381E2D091B73D1F900171763 /* Coach.m */ = {isa = PBXFileReference; fileEncoding = 4; lastKnownFileType = sourcecode.c.objc; path = Coach.m; sourceTree = "<group>"; };
		AC0509FE1B431363004FA68F /* SparklineContainerView.h */ = {isa = PBXFileReference; fileEncoding = 4; lastKnownFileType = sourcecode.c.h; path = SparklineContainerView.h; sourceTree = "<group>"; };
		AC0509FF1B431363004FA68F /* SparklineContainerView.m */ = {isa = PBXFileReference; fileEncoding = 4; lastKnownFileType = sourcecode.c.objc; path = SparklineContainerView.m; sourceTree = "<group>"; };
		AC050A011B43151A004FA68F /* BlurpVC.h */ = {isa = PBXFileReference; fileEncoding = 4; lastKnownFileType = sourcecode.c.h; path = BlurpVC.h; sourceTree = "<group>"; };
		AC050A021B43151A004FA68F /* BlurpVC.m */ = {isa = PBXFileReference; fileEncoding = 4; lastKnownFileType = sourcecode.c.objc; path = BlurpVC.m; sourceTree = "<group>"; };
		AC050A041B431705004FA68F /* BrickVC.h */ = {isa = PBXFileReference; fileEncoding = 4; lastKnownFileType = sourcecode.c.h; path = BrickVC.h; sourceTree = "<group>"; };
		AC050A051B431705004FA68F /* BrickVC.m */ = {isa = PBXFileReference; fileEncoding = 4; lastKnownFileType = sourcecode.c.objc; path = BrickVC.m; sourceTree = "<group>"; };
		AC050A061B431705004FA68F /* BrickVC.xib */ = {isa = PBXFileReference; fileEncoding = 4; lastKnownFileType = file.xib; path = BrickVC.xib; sourceTree = "<group>"; };
		AC050A091B4317B0004FA68F /* SparklineTileView.h */ = {isa = PBXFileReference; fileEncoding = 4; lastKnownFileType = sourcecode.c.h; path = SparklineTileView.h; sourceTree = "<group>"; };
		AC050A0A1B4317B0004FA68F /* SparklineTileView.m */ = {isa = PBXFileReference; fileEncoding = 4; lastKnownFileType = sourcecode.c.objc; path = SparklineTileView.m; sourceTree = "<group>"; };
		AC050A0D1B43185D004FA68F /* SparklineView.h */ = {isa = PBXFileReference; fileEncoding = 4; lastKnownFileType = sourcecode.c.h; path = SparklineView.h; sourceTree = "<group>"; };
		AC050A0E1B43185D004FA68F /* SparklineView.m */ = {isa = PBXFileReference; fileEncoding = 4; lastKnownFileType = sourcecode.c.objc; path = SparklineView.m; sourceTree = "<group>"; };
		AC050A101B4318A3004FA68F /* AutolayoutUtils.h */ = {isa = PBXFileReference; fileEncoding = 4; lastKnownFileType = sourcecode.c.h; path = AutolayoutUtils.h; sourceTree = "<group>"; };
		AC050A111B4318A3004FA68F /* AutolayoutUtils.m */ = {isa = PBXFileReference; fileEncoding = 4; lastKnownFileType = sourcecode.c.objc; path = AutolayoutUtils.m; sourceTree = "<group>"; };
		AC069D461AE97AA200AFEBDA /* backstraight.aiff */ = {isa = PBXFileReference; lastKnownFileType = audio.aiff; path = backstraight.aiff; sourceTree = "<group>"; };
		AC160B791ACE062D002275D8 /* LBBarChartView.h */ = {isa = PBXFileReference; fileEncoding = 4; lastKnownFileType = sourcecode.c.h; path = LBBarChartView.h; sourceTree = "<group>"; };
		AC160B7A1ACE062E002275D8 /* LBBarChartView.m */ = {isa = PBXFileReference; fileEncoding = 4; lastKnownFileType = sourcecode.c.objc; path = LBBarChartView.m; sourceTree = "<group>"; };
		AC2E42BA1A898B9B004CB504 /* Icon-57.png */ = {isa = PBXFileReference; lastKnownFileType = image.png; path = "Icon-57.png"; sourceTree = "<group>"; };
		AC2F53D01AB8B7DC0001C3CF /* ConsoleVC.h */ = {isa = PBXFileReference; fileEncoding = 4; lastKnownFileType = sourcecode.c.h; path = ConsoleVC.h; sourceTree = "<group>"; };
		AC2F53D11AB8B7DC0001C3CF /* ConsoleVC.m */ = {isa = PBXFileReference; fileEncoding = 4; lastKnownFileType = sourcecode.c.objc; path = ConsoleVC.m; sourceTree = "<group>"; };
		AC2F53D21AB8B7DC0001C3CF /* ConsoleVC.xib */ = {isa = PBXFileReference; fileEncoding = 4; lastKnownFileType = file.xib; path = ConsoleVC.xib; sourceTree = "<group>"; };
		AC438EE71B30D05500B1C0F5 /* iphone_back.png */ = {isa = PBXFileReference; lastKnownFileType = image.png; path = iphone_back.png; sourceTree = "<group>"; };
		AC438EE81B30D05500B1C0F5 /* iphone_front.png */ = {isa = PBXFileReference; lastKnownFileType = image.png; path = iphone_front.png; sourceTree = "<group>"; };
		AC60E56C1A8A6FFD00E73EC5 /* cfuncs.m */ = {isa = PBXFileReference; fileEncoding = 4; lastKnownFileType = sourcecode.c.objc; path = cfuncs.m; sourceTree = "<group>"; };
		AC60E56E1A8A701600E73EC5 /* cfuncs.h */ = {isa = PBXFileReference; lastKnownFileType = sourcecode.c.h; path = cfuncs.h; sourceTree = "<group>"; };
		AC7D5A071A968E4D003FFB11 /* MenuVC.xib */ = {isa = PBXFileReference; fileEncoding = 4; lastKnownFileType = file.xib; path = MenuVC.xib; sourceTree = "<group>"; };
		AC7D5A0D1A969E14003FFB11 /* common.h */ = {isa = PBXFileReference; lastKnownFileType = sourcecode.c.h; path = common.h; sourceTree = "<group>"; };
		AC7D5A101A96A4A2003FFB11 /* Utils.h */ = {isa = PBXFileReference; fileEncoding = 4; lastKnownFileType = sourcecode.c.h; path = Utils.h; sourceTree = "<group>"; };
		AC7D5A111A96A4A2003FFB11 /* Utils.m */ = {isa = PBXFileReference; fileEncoding = 4; lastKnownFileType = sourcecode.c.objc; path = Utils.m; sourceTree = "<group>"; };
		AC7EEBFA1AA51B4D009BB0A2 /* Default-568h@2x.png */ = {isa = PBXFileReference; lastKnownFileType = image.png; path = "Default-568h@2x.png"; sourceTree = "<group>"; };
		AC855AAE1AA110FA001D761C /* ConnectVC.h */ = {isa = PBXFileReference; fileEncoding = 4; lastKnownFileType = sourcecode.c.h; path = ConnectVC.h; sourceTree = "<group>"; };
		AC855AAF1AA110FA001D761C /* ConnectVC.m */ = {isa = PBXFileReference; fileEncoding = 4; lastKnownFileType = sourcecode.c.objc; path = ConnectVC.m; sourceTree = "<group>"; };
		AC855AB01AA110FA001D761C /* ConnectVC.xib */ = {isa = PBXFileReference; fileEncoding = 4; lastKnownFileType = file.xib; path = ConnectVC.xib; sourceTree = "<group>"; };
		AC855AB71AA116FE001D761C /* SensoPlex-Constants.h */ = {isa = PBXFileReference; fileEncoding = 4; lastKnownFileType = sourcecode.c.h; path = "SensoPlex-Constants.h"; sourceTree = "<group>"; };
		AC855AB81AA116FE001D761C /* SensoPlex.h */ = {isa = PBXFileReference; fileEncoding = 4; lastKnownFileType = sourcecode.c.h; path = SensoPlex.h; sourceTree = "<group>"; };
		AC855AB91AA116FE001D761C /* SensoPlex.m */ = {isa = PBXFileReference; fileEncoding = 4; lastKnownFileType = sourcecode.c.objc; path = SensoPlex.m; sourceTree = "<group>"; };
		AC855ABA1AA116FE001D761C /* SensorData.h */ = {isa = PBXFileReference; fileEncoding = 4; lastKnownFileType = sourcecode.c.h; path = SensorData.h; sourceTree = "<group>"; };
		AC855ABB1AA116FE001D761C /* SensorData.m */ = {isa = PBXFileReference; fileEncoding = 4; lastKnownFileType = sourcecode.c.objc; path = SensorData.m; sourceTree = "<group>"; };
		AC855ABC1AA116FE001D761C /* SensorDataAbstract.h */ = {isa = PBXFileReference; fileEncoding = 4; lastKnownFileType = sourcecode.c.h; path = SensorDataAbstract.h; sourceTree = "<group>"; };
		AC855ABD1AA116FE001D761C /* SensorDataAbstract.m */ = {isa = PBXFileReference; fileEncoding = 4; lastKnownFileType = sourcecode.c.objc; path = SensorDataAbstract.m; sourceTree = "<group>"; };
		AC855ABE1AA116FE001D761C /* SensorDataConfig.h */ = {isa = PBXFileReference; fileEncoding = 4; lastKnownFileType = sourcecode.c.h; path = SensorDataConfig.h; sourceTree = "<group>"; };
		AC855ABF1AA116FE001D761C /* SensorDataConfig.m */ = {isa = PBXFileReference; fileEncoding = 4; lastKnownFileType = sourcecode.c.objc; path = SensorDataConfig.m; sourceTree = "<group>"; };
		AC855AC01AA116FE001D761C /* SensorDataInclude.h */ = {isa = PBXFileReference; fileEncoding = 4; lastKnownFileType = sourcecode.c.h; path = SensorDataInclude.h; sourceTree = "<group>"; };
		AC855AC11AA116FE001D761C /* SensorDataLogStatus.h */ = {isa = PBXFileReference; fileEncoding = 4; lastKnownFileType = sourcecode.c.h; path = SensorDataLogStatus.h; sourceTree = "<group>"; };
		AC855AC21AA116FE001D761C /* SensorDataLogStatus.m */ = {isa = PBXFileReference; fileEncoding = 4; lastKnownFileType = sourcecode.c.objc; path = SensorDataLogStatus.m; sourceTree = "<group>"; };
		AC855AC31AA116FE001D761C /* SensorDataLogStreamConfig.h */ = {isa = PBXFileReference; fileEncoding = 4; lastKnownFileType = sourcecode.c.h; path = SensorDataLogStreamConfig.h; sourceTree = "<group>"; };
		AC855AC41AA116FE001D761C /* SensorDataLogStreamConfig.m */ = {isa = PBXFileReference; fileEncoding = 4; lastKnownFileType = sourcecode.c.objc; path = SensorDataLogStreamConfig.m; sourceTree = "<group>"; };
		AC855AC51AA116FE001D761C /* SensorLogData.h */ = {isa = PBXFileReference; fileEncoding = 4; lastKnownFileType = sourcecode.c.h; path = SensorLogData.h; sourceTree = "<group>"; };
		AC855AC61AA116FE001D761C /* SensorLogData.m */ = {isa = PBXFileReference; fileEncoding = 4; lastKnownFileType = sourcecode.c.objc; path = SensorLogData.m; sourceTree = "<group>"; };
		AC855AC71AA116FE001D761C /* SSPacketLogger.h */ = {isa = PBXFileReference; fileEncoding = 4; lastKnownFileType = sourcecode.c.h; path = SSPacketLogger.h; sourceTree = "<group>"; };
		AC855AC81AA116FE001D761C /* SSPacketLogger.m */ = {isa = PBXFileReference; fileEncoding = 4; lastKnownFileType = sourcecode.c.objc; path = SSPacketLogger.m; sourceTree = "<group>"; };
		AC855AC91AA116FE001D761C /* SSPacketParser.h */ = {isa = PBXFileReference; fileEncoding = 4; lastKnownFileType = sourcecode.c.h; path = SSPacketParser.h; sourceTree = "<group>"; };
		AC855ACA1AA116FE001D761C /* SSPacketParser.m */ = {isa = PBXFileReference; fileEncoding = 4; lastKnownFileType = sourcecode.c.objc; path = SSPacketParser.m; sourceTree = "<group>"; };
		AC855AD51AA11ABD001D761C /* MoConstants.h */ = {isa = PBXFileReference; fileEncoding = 4; lastKnownFileType = sourcecode.c.h; path = MoConstants.h; sourceTree = "<group>"; };
		AC855AD61AA11ABD001D761C /* MoLogger.h */ = {isa = PBXFileReference; fileEncoding = 4; lastKnownFileType = sourcecode.c.h; path = MoLogger.h; sourceTree = "<group>"; };
		AC855AD71AA11ABD001D761C /* MoLogger.m */ = {isa = PBXFileReference; fileEncoding = 4; lastKnownFileType = sourcecode.c.objc; path = MoLogger.m; sourceTree = "<group>"; };
		AC9F59B31AA4E447007FDBDB /* BluetoothMasterCell.h */ = {isa = PBXFileReference; fileEncoding = 4; lastKnownFileType = sourcecode.c.h; name = BluetoothMasterCell.h; path = sensorec/BluetoothMasterCell.h; sourceTree = "<group>"; };
		AC9F59B41AA4E447007FDBDB /* BluetoothMasterCell.m */ = {isa = PBXFileReference; fileEncoding = 4; lastKnownFileType = sourcecode.c.objc; name = BluetoothMasterCell.m; path = sensorec/BluetoothMasterCell.m; sourceTree = "<group>"; };
		ACA43FF61A65C4C2009C30C0 /* sensorec.app */ = {isa = PBXFileReference; explicitFileType = wrapper.application; includeInIndex = 0; path = sensorec.app; sourceTree = BUILT_PRODUCTS_DIR; };
		ACA43FFA1A65C4C2009C30C0 /* Info.plist */ = {isa = PBXFileReference; lastKnownFileType = text.plist.xml; path = Info.plist; sourceTree = "<group>"; };
		ACA43FFB1A65C4C2009C30C0 /* main.m */ = {isa = PBXFileReference; lastKnownFileType = sourcecode.c.objc; path = main.m; sourceTree = "<group>"; };
		ACA43FFD1A65C4C2009C30C0 /* AppDelegate.h */ = {isa = PBXFileReference; lastKnownFileType = sourcecode.c.h; path = AppDelegate.h; sourceTree = "<group>"; };
		ACA43FFE1A65C4C2009C30C0 /* AppDelegate.m */ = {isa = PBXFileReference; lastKnownFileType = sourcecode.c.objc; path = AppDelegate.m; sourceTree = "<group>"; };
		ACA4400F1A65C4C2009C30C0 /* sensorecTests.xctest */ = {isa = PBXFileReference; explicitFileType = wrapper.cfbundle; includeInIndex = 0; path = sensorecTests.xctest; sourceTree = BUILT_PRODUCTS_DIR; };
		ACA440141A65C4C2009C30C0 /* Info.plist */ = {isa = PBXFileReference; lastKnownFileType = text.plist.xml; path = Info.plist; sourceTree = "<group>"; };
		ACA440151A65C4C2009C30C0 /* sensorecTests.m */ = {isa = PBXFileReference; lastKnownFileType = sourcecode.c.objc; path = sensorecTests.m; sourceTree = "<group>"; };
		ACA4401F1A65C683009C30C0 /* MainVC.h */ = {isa = PBXFileReference; fileEncoding = 4; lastKnownFileType = sourcecode.c.h; path = MainVC.h; sourceTree = "<group>"; };
		ACA440201A65C683009C30C0 /* MainVC.m */ = {isa = PBXFileReference; fileEncoding = 4; lastKnownFileType = sourcecode.c.objc; path = MainVC.m; sourceTree = "<group>"; };
		ACA440211A65C683009C30C0 /* MainVC.xib */ = {isa = PBXFileReference; fileEncoding = 4; lastKnownFileType = file.xib; path = MainVC.xib; sourceTree = "<group>"; };
		ACA4402C1A66E3DB009C30C0 /* green-led-on-md.png */ = {isa = PBXFileReference; lastKnownFileType = image.png; path = "green-led-on-md.png"; sourceTree = "<group>"; };
		ACA4402D1A66E3DB009C30C0 /* led-red-control-md.png */ = {isa = PBXFileReference; lastKnownFileType = image.png; path = "led-red-control-md.png"; sourceTree = "<group>"; };
		ACA4403C1A68A2CE009C30C0 /* amber-led-on-md.png */ = {isa = PBXFileReference; lastKnownFileType = image.png; path = "amber-led-on-md.png"; sourceTree = "<group>"; };
		ACD0DB1A1A6D92D60038E94D /* sensorec.png */ = {isa = PBXFileReference; lastKnownFileType = image.png; path = sensorec.png; sourceTree = "<group>"; };
		ACD0DB201A6D9B3B0038E94D /* Icon-76.png */ = {isa = PBXFileReference; lastKnownFileType = image.png; path = "Icon-76.png"; sourceTree = "<group>"; };
		ACD0DB211A6D9B3B0038E94D /* Icon-120.png */ = {isa = PBXFileReference; lastKnownFileType = image.png; path = "Icon-120.png"; sourceTree = "<group>"; };
		ACD0DB221A6D9B3B0038E94D /* Icon-152.png */ = {isa = PBXFileReference; lastKnownFileType = image.png; path = "Icon-152.png"; sourceTree = "<group>"; };
		ACD0DB231A6D9B3B0038E94D /* Icon-180.png */ = {isa = PBXFileReference; lastKnownFileType = image.png; path = "Icon-180.png"; sourceTree = "<group>"; };
		ACD0DB281A6D9C5F0038E94D /* Icon-29.png */ = {isa = PBXFileReference; lastKnownFileType = image.png; path = "Icon-29.png"; sourceTree = "<group>"; };
		ACD0DB291A6D9C5F0038E94D /* Icon-40.png */ = {isa = PBXFileReference; lastKnownFileType = image.png; path = "Icon-40.png"; sourceTree = "<group>"; };
		ACD0DB2B1A6D9C5F0038E94D /* Icon-58.png */ = {isa = PBXFileReference; lastKnownFileType = image.png; path = "Icon-58.png"; sourceTree = "<group>"; };
		ACD0DB2C1A6D9C5F0038E94D /* Icon-60.png */ = {isa = PBXFileReference; lastKnownFileType = image.png; path = "Icon-60.png"; sourceTree = "<group>"; };
		ACD0DB2D1A6D9C5F0038E94D /* Icon-72.png */ = {isa = PBXFileReference; lastKnownFileType = image.png; path = "Icon-72.png"; sourceTree = "<group>"; };
		ACD0DB2E1A6D9C5F0038E94D /* Icon-80.png */ = {isa = PBXFileReference; lastKnownFileType = image.png; path = "Icon-80.png"; sourceTree = "<group>"; };
		ACD0DB2F1A6D9C5F0038E94D /* Icon-114.png */ = {isa = PBXFileReference; lastKnownFileType = image.png; path = "Icon-114.png"; sourceTree = "<group>"; };
		ACD0DB301A6D9C5F0038E94D /* Icon-144.png */ = {isa = PBXFileReference; lastKnownFileType = image.png; path = "Icon-144.png"; sourceTree = "<group>"; };
		ACF272071A71A95600595091 /* black-led-off-md.png */ = {isa = PBXFileReference; lastKnownFileType = image.png; path = "black-led-off-md.png"; sourceTree = "<group>"; };
		ACF272081A71A95600595091 /* grey-led-md.png */ = {isa = PBXFileReference; lastKnownFileType = image.png; path = "grey-led-md.png"; sourceTree = "<group>"; };
/* End PBXFileReference section */

/* Begin PBXFrameworksBuildPhase section */
		ACA43FF31A65C4C2009C30C0 /* Frameworks */ = {
			isa = PBXFrameworksBuildPhase;
			buildActionMask = 2147483647;
			files = (
			);
			runOnlyForDeploymentPostprocessing = 0;
		};
		ACA4400C1A65C4C2009C30C0 /* Frameworks */ = {
			isa = PBXFrameworksBuildPhase;
			buildActionMask = 2147483647;
			files = (
			);
			runOnlyForDeploymentPostprocessing = 0;
		};
/* End PBXFrameworksBuildPhase section */

/* Begin PBXGroup section */
		AC050A0C1B4317F9004FA68F /* Views */ = {
			isa = PBXGroup;
			children = (
				AC050A101B4318A3004FA68F /* AutolayoutUtils.h */,
				AC050A111B4318A3004FA68F /* AutolayoutUtils.m */,
				AC050A0D1B43185D004FA68F /* SparklineView.h */,
				AC050A0E1B43185D004FA68F /* SparklineView.m */,
				AC0509FE1B431363004FA68F /* SparklineContainerView.h */,
				AC0509FF1B431363004FA68F /* SparklineContainerView.m */,
				AC050A091B4317B0004FA68F /* SparklineTileView.h */,
				AC050A0A1B4317B0004FA68F /* SparklineTileView.m */,
				AC160B791ACE062D002275D8 /* LBBarChartView.h */,
				AC160B7A1ACE062E002275D8 /* LBBarChartView.m */,
			);
			name = Views;
			sourceTree = "<group>";
		};
		AC855AB61AA116FE001D761C /* SensoPlexLibrary */ = {
			isa = PBXGroup;
			children = (
				AC855AB71AA116FE001D761C /* SensoPlex-Constants.h */,
				AC855AB81AA116FE001D761C /* SensoPlex.h */,
				AC855AB91AA116FE001D761C /* SensoPlex.m */,
				AC855ABA1AA116FE001D761C /* SensorData.h */,
				AC855ABB1AA116FE001D761C /* SensorData.m */,
				AC855ABC1AA116FE001D761C /* SensorDataAbstract.h */,
				AC855ABD1AA116FE001D761C /* SensorDataAbstract.m */,
				AC855ABE1AA116FE001D761C /* SensorDataConfig.h */,
				AC855ABF1AA116FE001D761C /* SensorDataConfig.m */,
				AC855AC01AA116FE001D761C /* SensorDataInclude.h */,
				AC855AC11AA116FE001D761C /* SensorDataLogStatus.h */,
				AC855AC21AA116FE001D761C /* SensorDataLogStatus.m */,
				AC855AC31AA116FE001D761C /* SensorDataLogStreamConfig.h */,
				AC855AC41AA116FE001D761C /* SensorDataLogStreamConfig.m */,
				AC855AC51AA116FE001D761C /* SensorLogData.h */,
				AC855AC61AA116FE001D761C /* SensorLogData.m */,
				AC855AC71AA116FE001D761C /* SSPacketLogger.h */,
				AC855AC81AA116FE001D761C /* SSPacketLogger.m */,
				AC855AC91AA116FE001D761C /* SSPacketParser.h */,
				AC855ACA1AA116FE001D761C /* SSPacketParser.m */,
			);
			path = SensoPlexLibrary;
			sourceTree = "<group>";
		};
		AC855AD41AA11ABD001D761C /* moLibrary */ = {
			isa = PBXGroup;
			children = (
				AC855AD51AA11ABD001D761C /* MoConstants.h */,
				AC855AD61AA11ABD001D761C /* MoLogger.h */,
				AC855AD71AA11ABD001D761C /* MoLogger.m */,
			);
			path = moLibrary;
			sourceTree = "<group>";
		};
		ACA43FED1A65C4C2009C30C0 = {
			isa = PBXGroup;
			children = (
				AC7EEBFA1AA51B4D009BB0A2 /* Default-568h@2x.png */,
				AC9F59B31AA4E447007FDBDB /* BluetoothMasterCell.h */,
				AC9F59B41AA4E447007FDBDB /* BluetoothMasterCell.m */,
				AC855AD41AA11ABD001D761C /* moLibrary */,
				AC855AB61AA116FE001D761C /* SensoPlexLibrary */,
				ACA43FF81A65C4C2009C30C0 /* sensorec */,
				ACD0DB1F1A6D9B2A0038E94D /* Assets */,
				ACA43FF91A65C4C2009C30C0 /* Supporting Files */,
				ACA440121A65C4C2009C30C0 /* sensorecTests */,
				ACA43FF71A65C4C2009C30C0 /* Products */,
			);
			sourceTree = "<group>";
		};
		ACA43FF71A65C4C2009C30C0 /* Products */ = {
			isa = PBXGroup;
			children = (
				ACA43FF61A65C4C2009C30C0 /* sensorec.app */,
				ACA4400F1A65C4C2009C30C0 /* sensorecTests.xctest */,
			);
			name = Products;
			sourceTree = "<group>";
		};
		ACA43FF81A65C4C2009C30C0 /* sensorec */ = {
			isa = PBXGroup;
			children = (
				ACA43FFD1A65C4C2009C30C0 /* AppDelegate.h */,
				ACA43FFE1A65C4C2009C30C0 /* AppDelegate.m */,
				ACA4401F1A65C683009C30C0 /* MainVC.h */,
				ACA440201A65C683009C30C0 /* MainVC.m */,
				ACA440211A65C683009C30C0 /* MainVC.xib */,
				AC050A011B43151A004FA68F /* BlurpVC.h */,
				AC050A021B43151A004FA68F /* BlurpVC.m */,
				AC050A041B431705004FA68F /* BrickVC.h */,
				AC050A051B431705004FA68F /* BrickVC.m */,
				AC050A061B431705004FA68F /* BrickVC.xib */,
				AC855AAE1AA110FA001D761C /* ConnectVC.h */,
				AC855AAF1AA110FA001D761C /* ConnectVC.m */,
				AC855AB01AA110FA001D761C /* ConnectVC.xib */,
				AC7D5A071A968E4D003FFB11 /* MenuVC.xib */,
				AC2F53D01AB8B7DC0001C3CF /* ConsoleVC.h */,
				AC2F53D11AB8B7DC0001C3CF /* ConsoleVC.m */,
				AC2F53D21AB8B7DC0001C3CF /* ConsoleVC.xib */,
				AC7D5A101A96A4A2003FFB11 /* Utils.h */,
				AC7D5A111A96A4A2003FFB11 /* Utils.m */,
				AC60E56E1A8A701600E73EC5 /* cfuncs.h */,
				AC60E56C1A8A6FFD00E73EC5 /* cfuncs.m */,
				AC7D5A0D1A969E14003FFB11 /* common.h */,
				ACD0DB1A1A6D92D60038E94D /* sensorec.png */,
				ACA4403C1A68A2CE009C30C0 /* amber-led-on-md.png */,
				ACA4402C1A66E3DB009C30C0 /* green-led-on-md.png */,
				ACA4402D1A66E3DB009C30C0 /* led-red-control-md.png */,
				ACF272081A71A95600595091 /* grey-led-md.png */,
				ACF272071A71A95600595091 /* black-led-off-md.png */,
				AC050A0C1B4317F9004FA68F /* Views */,
				381E2D081B73D1F900171763 /* Coach.h */,
				381E2D091B73D1F900171763 /* Coach.m */,
			);
			path = sensorec;
			sourceTree = "<group>";
		};
		ACA43FF91A65C4C2009C30C0 /* Supporting Files */ = {
			isa = PBXGroup;
			children = (
				ACA43FFA1A65C4C2009C30C0 /* Info.plist */,
				ACA43FFB1A65C4C2009C30C0 /* main.m */,
			);
			name = "Supporting Files";
			path = sensorec;
			sourceTree = "<group>";
		};
		ACA440121A65C4C2009C30C0 /* sensorecTests */ = {
			isa = PBXGroup;
			children = (
				ACA440151A65C4C2009C30C0 /* sensorecTests.m */,
				ACA440131A65C4C2009C30C0 /* Supporting Files */,
			);
			path = sensorecTests;
			sourceTree = "<group>";
		};
		ACA440131A65C4C2009C30C0 /* Supporting Files */ = {
			isa = PBXGroup;
			children = (
				ACA440141A65C4C2009C30C0 /* Info.plist */,
			);
			name = "Supporting Files";
			sourceTree = "<group>";
		};
		ACD0DB1F1A6D9B2A0038E94D /* Assets */ = {
			isa = PBXGroup;
			children = (
				AC438EE71B30D05500B1C0F5 /* iphone_back.png */,
				AC438EE81B30D05500B1C0F5 /* iphone_front.png */,
				AC069D461AE97AA200AFEBDA /* backstraight.aiff */,
				AC2E42BA1A898B9B004CB504 /* Icon-57.png */,
				ACD0DB281A6D9C5F0038E94D /* Icon-29.png */,
				ACD0DB291A6D9C5F0038E94D /* Icon-40.png */,
				ACD0DB2B1A6D9C5F0038E94D /* Icon-58.png */,
				ACD0DB2C1A6D9C5F0038E94D /* Icon-60.png */,
				ACD0DB2D1A6D9C5F0038E94D /* Icon-72.png */,
				ACD0DB2E1A6D9C5F0038E94D /* Icon-80.png */,
				ACD0DB2F1A6D9C5F0038E94D /* Icon-114.png */,
				ACD0DB301A6D9C5F0038E94D /* Icon-144.png */,
				ACD0DB201A6D9B3B0038E94D /* Icon-76.png */,
				ACD0DB211A6D9B3B0038E94D /* Icon-120.png */,
				ACD0DB221A6D9B3B0038E94D /* Icon-152.png */,
				ACD0DB231A6D9B3B0038E94D /* Icon-180.png */,
			);
			name = Assets;
			path = sensorec;
			sourceTree = "<group>";
		};
/* End PBXGroup section */

/* Begin PBXNativeTarget section */
		ACA43FF51A65C4C2009C30C0 /* sensorec */ = {
			isa = PBXNativeTarget;
			buildConfigurationList = ACA440191A65C4C2009C30C0 /* Build configuration list for PBXNativeTarget "sensorec" */;
			buildPhases = (
				ACA43FF21A65C4C2009C30C0 /* Sources */,
				ACA43FF31A65C4C2009C30C0 /* Frameworks */,
				ACA43FF41A65C4C2009C30C0 /* Resources */,
			);
			buildRules = (
			);
			dependencies = (
			);
			name = sensorec;
			productName = sensorec;
			productReference = ACA43FF61A65C4C2009C30C0 /* sensorec.app */;
			productType = "com.apple.product-type.application";
		};
		ACA4400E1A65C4C2009C30C0 /* sensorecTests */ = {
			isa = PBXNativeTarget;
			buildConfigurationList = ACA4401C1A65C4C2009C30C0 /* Build configuration list for PBXNativeTarget "sensorecTests" */;
			buildPhases = (
				ACA4400B1A65C4C2009C30C0 /* Sources */,
				ACA4400C1A65C4C2009C30C0 /* Frameworks */,
				ACA4400D1A65C4C2009C30C0 /* Resources */,
			);
			buildRules = (
			);
			dependencies = (
				ACA440111A65C4C2009C30C0 /* PBXTargetDependency */,
			);
			name = sensorecTests;
			productName = sensorecTests;
			productReference = ACA4400F1A65C4C2009C30C0 /* sensorecTests.xctest */;
			productType = "com.apple.product-type.bundle.unit-test";
		};
/* End PBXNativeTarget section */

/* Begin PBXProject section */
		ACA43FEE1A65C4C2009C30C0 /* Project object */ = {
			isa = PBXProject;
			attributes = {
				LastUpgradeCheck = 0610;
				ORGANIZATIONNAME = AHN;
				TargetAttributes = {
					ACA43FF51A65C4C2009C30C0 = {
						CreatedOnToolsVersion = 6.1.1;
						DevelopmentTeam = MM62K39389;
					};
					ACA4400E1A65C4C2009C30C0 = {
						CreatedOnToolsVersion = 6.1.1;
						TestTargetID = ACA43FF51A65C4C2009C30C0;
					};
				};
			};
			buildConfigurationList = ACA43FF11A65C4C2009C30C0 /* Build configuration list for PBXProject "sensorec" */;
			compatibilityVersion = "Xcode 3.2";
			developmentRegion = English;
			hasScannedForEncodings = 0;
			knownRegions = (
				en,
				Base,
			);
			mainGroup = ACA43FED1A65C4C2009C30C0;
			productRefGroup = ACA43FF71A65C4C2009C30C0 /* Products */;
			projectDirPath = "";
			projectRoot = "";
			targets = (
				ACA43FF51A65C4C2009C30C0 /* sensorec */,
				ACA4400E1A65C4C2009C30C0 /* sensorecTests */,
			);
		};
/* End PBXProject section */

/* Begin PBXResourcesBuildPhase section */
		ACA43FF41A65C4C2009C30C0 /* Resources */ = {
			isa = PBXResourcesBuildPhase;
			buildActionMask = 2147483647;
			files = (
				AC438EE91B30D05500B1C0F5 /* iphone_back.png in Resources */,
				ACD0DB251A6D9B3B0038E94D /* Icon-120.png in Resources */,
				AC438EEA1B30D05500B1C0F5 /* iphone_front.png in Resources */,
				ACD0DB1B1A6D92D60038E94D /* sensorec.png in Resources */,
				ACA4402E1A66E3DB009C30C0 /* green-led-on-md.png in Resources */,
				AC855AB21AA110FA001D761C /* ConnectVC.xib in Resources */,
				ACF272091A71A95600595091 /* black-led-off-md.png in Resources */,
				ACA440231A65C683009C30C0 /* MainVC.xib in Resources */,
				ACD0DB361A6D9C5F0038E94D /* Icon-60.png in Resources */,
				ACD0DB241A6D9B3B0038E94D /* Icon-76.png in Resources */,
				ACD0DB391A6D9C5F0038E94D /* Icon-114.png in Resources */,
				AC7D5A091A968E4D003FFB11 /* MenuVC.xib in Resources */,
				AC050A081B431705004FA68F /* BrickVC.xib in Resources */,
				AC2F53D41AB8B7DC0001C3CF /* ConsoleVC.xib in Resources */,
				ACD0DB351A6D9C5F0038E94D /* Icon-58.png in Resources */,
				ACA4402F1A66E3DB009C30C0 /* led-red-control-md.png in Resources */,
				AC069D471AE97AA200AFEBDA /* backstraight.aiff in Resources */,
				AC2E42BB1A898B9B004CB504 /* Icon-57.png in Resources */,
				ACD0DB3A1A6D9C5F0038E94D /* Icon-144.png in Resources */,
				ACD0DB321A6D9C5F0038E94D /* Icon-29.png in Resources */,
				ACD0DB331A6D9C5F0038E94D /* Icon-40.png in Resources */,
				ACD0DB261A6D9B3B0038E94D /* Icon-152.png in Resources */,
				AC7EEBFB1AA51B4D009BB0A2 /* Default-568h@2x.png in Resources */,
				ACF2720A1A71A95600595091 /* grey-led-md.png in Resources */,
				ACD0DB371A6D9C5F0038E94D /* Icon-72.png in Resources */,
				ACD0DB381A6D9C5F0038E94D /* Icon-80.png in Resources */,
				ACD0DB271A6D9B3B0038E94D /* Icon-180.png in Resources */,
				ACA4403D1A68A2CE009C30C0 /* amber-led-on-md.png in Resources */,
			);
			runOnlyForDeploymentPostprocessing = 0;
		};
		ACA4400D1A65C4C2009C30C0 /* Resources */ = {
			isa = PBXResourcesBuildPhase;
			buildActionMask = 2147483647;
			files = (
			);
			runOnlyForDeploymentPostprocessing = 0;
		};
/* End PBXResourcesBuildPhase section */

/* Begin PBXSourcesBuildPhase section */
		ACA43FF21A65C4C2009C30C0 /* Sources */ = {
			isa = PBXSourcesBuildPhase;
			buildActionMask = 2147483647;
			files = (
				AC855AD11AA116FE001D761C /* SensorLogData.m in Sources */,
				ACA440221A65C683009C30C0 /* MainVC.m in Sources */,
				AC9F59B51AA4E447007FDBDB /* BluetoothMasterCell.m in Sources */,
				AC855ACB1AA116FE001D761C /* SensoPlex.m in Sources */,
				AC050A0B1B4317B0004FA68F /* SparklineTileView.m in Sources */,
				AC855ACE1AA116FE001D761C /* SensorDataConfig.m in Sources */,
				AC050A001B431363004FA68F /* SparklineContainerView.m in Sources */,
				AC855AD31AA116FE001D761C /* SSPacketParser.m in Sources */,
				AC855AD81AA11ABD001D761C /* MoLogger.m in Sources */,
				AC855AB11AA110FA001D761C /* ConnectVC.m in Sources */,
				AC050A031B43151A004FA68F /* BlurpVC.m in Sources */,
				AC050A071B431705004FA68F /* BrickVC.m in Sources */,
				381E2D0A1B73D1F900171763 /* Coach.m in Sources */,
				AC855ACF1AA116FE001D761C /* SensorDataLogStatus.m in Sources */,
				ACA43FFF1A65C4C2009C30C0 /* AppDelegate.m in Sources */,
				AC160B7B1ACE062E002275D8 /* LBBarChartView.m in Sources */,
				AC2F53D31AB8B7DC0001C3CF /* ConsoleVC.m in Sources */,
				AC855ACD1AA116FE001D761C /* SensorDataAbstract.m in Sources */,
				ACA43FFC1A65C4C2009C30C0 /* main.m in Sources */,
				AC7D5A121A96A4A2003FFB11 /* Utils.m in Sources */,
				AC60E56D1A8A6FFD00E73EC5 /* cfuncs.m in Sources */,
				AC855AD21AA116FE001D761C /* SSPacketLogger.m in Sources */,
				AC855AD01AA116FE001D761C /* SensorDataLogStreamConfig.m in Sources */,
				AC050A0F1B43185D004FA68F /* SparklineView.m in Sources */,
				AC050A121B4318A3004FA68F /* AutolayoutUtils.m in Sources */,
				AC855ACC1AA116FE001D761C /* SensorData.m in Sources */,
			);
			runOnlyForDeploymentPostprocessing = 0;
		};
		ACA4400B1A65C4C2009C30C0 /* Sources */ = {
			isa = PBXSourcesBuildPhase;
			buildActionMask = 2147483647;
			files = (
				ACA440161A65C4C2009C30C0 /* sensorecTests.m in Sources */,
			);
			runOnlyForDeploymentPostprocessing = 0;
		};
/* End PBXSourcesBuildPhase section */

/* Begin PBXTargetDependency section */
		ACA440111A65C4C2009C30C0 /* PBXTargetDependency */ = {
			isa = PBXTargetDependency;
			target = ACA43FF51A65C4C2009C30C0 /* sensorec */;
			targetProxy = ACA440101A65C4C2009C30C0 /* PBXContainerItemProxy */;
		};
/* End PBXTargetDependency section */

/* Begin XCBuildConfiguration section */
		ACA440171A65C4C2009C30C0 /* Debug */ = {
			isa = XCBuildConfiguration;
			buildSettings = {
				ALWAYS_SEARCH_USER_PATHS = NO;
				CLANG_CXX_LANGUAGE_STANDARD = "gnu++0x";
				CLANG_CXX_LIBRARY = "libc++";
				CLANG_ENABLE_MODULES = YES;
				CLANG_ENABLE_OBJC_ARC = YES;
				CLANG_WARN_BOOL_CONVERSION = YES;
				CLANG_WARN_CONSTANT_CONVERSION = YES;
				CLANG_WARN_DIRECT_OBJC_ISA_USAGE = YES_ERROR;
				CLANG_WARN_EMPTY_BODY = YES;
				CLANG_WARN_ENUM_CONVERSION = YES;
				CLANG_WARN_INT_CONVERSION = YES;
				CLANG_WARN_OBJC_ROOT_CLASS = YES_ERROR;
				CLANG_WARN_UNREACHABLE_CODE = YES;
				CLANG_WARN__DUPLICATE_METHOD_MATCH = YES;
				"CODE_SIGN_IDENTITY[sdk=iphoneos*]" = "iPhone Developer";
				COPY_PHASE_STRIP = NO;
				ENABLE_STRICT_OBJC_MSGSEND = YES;
				GCC_C_LANGUAGE_STANDARD = gnu99;
				GCC_DYNAMIC_NO_PIC = NO;
				GCC_OPTIMIZATION_LEVEL = 0;
				GCC_PREPROCESSOR_DEFINITIONS = (
					"DEBUG=1",
					"$(inherited)",
				);
				GCC_SYMBOLS_PRIVATE_EXTERN = NO;
				GCC_WARN_64_TO_32_BIT_CONVERSION = YES;
				GCC_WARN_ABOUT_RETURN_TYPE = YES_ERROR;
				GCC_WARN_UNDECLARED_SELECTOR = YES;
				GCC_WARN_UNINITIALIZED_AUTOS = YES_AGGRESSIVE;
				GCC_WARN_UNUSED_FUNCTION = YES;
				GCC_WARN_UNUSED_VARIABLE = YES;
				IPHONEOS_DEPLOYMENT_TARGET = 7.0;
				MTL_ENABLE_DEBUG_INFO = YES;
				ONLY_ACTIVE_ARCH = YES;
				SDKROOT = iphoneos;
				TARGETED_DEVICE_FAMILY = "1,2";
			};
			name = Debug;
		};
		ACA440181A65C4C2009C30C0 /* Release */ = {
			isa = XCBuildConfiguration;
			buildSettings = {
				ALWAYS_SEARCH_USER_PATHS = NO;
				CLANG_CXX_LANGUAGE_STANDARD = "gnu++0x";
				CLANG_CXX_LIBRARY = "libc++";
				CLANG_ENABLE_MODULES = YES;
				CLANG_ENABLE_OBJC_ARC = YES;
				CLANG_WARN_BOOL_CONVERSION = YES;
				CLANG_WARN_CONSTANT_CONVERSION = YES;
				CLANG_WARN_DIRECT_OBJC_ISA_USAGE = YES_ERROR;
				CLANG_WARN_EMPTY_BODY = YES;
				CLANG_WARN_ENUM_CONVERSION = YES;
				CLANG_WARN_INT_CONVERSION = YES;
				CLANG_WARN_OBJC_ROOT_CLASS = YES_ERROR;
				CLANG_WARN_UNREACHABLE_CODE = YES;
				CLANG_WARN__DUPLICATE_METHOD_MATCH = YES;
				"CODE_SIGN_IDENTITY[sdk=iphoneos*]" = "iPhone Developer";
				COPY_PHASE_STRIP = YES;
				ENABLE_NS_ASSERTIONS = NO;
				ENABLE_STRICT_OBJC_MSGSEND = YES;
				GCC_C_LANGUAGE_STANDARD = gnu99;
				GCC_WARN_64_TO_32_BIT_CONVERSION = YES;
				GCC_WARN_ABOUT_RETURN_TYPE = YES_ERROR;
				GCC_WARN_UNDECLARED_SELECTOR = YES;
				GCC_WARN_UNINITIALIZED_AUTOS = YES_AGGRESSIVE;
				GCC_WARN_UNUSED_FUNCTION = YES;
				GCC_WARN_UNUSED_VARIABLE = YES;
				IPHONEOS_DEPLOYMENT_TARGET = 7.0;
				MTL_ENABLE_DEBUG_INFO = NO;
				SDKROOT = iphoneos;
				TARGETED_DEVICE_FAMILY = "1,2";
				VALIDATE_PRODUCT = YES;
			};
			name = Release;
		};
		ACA4401A1A65C4C2009C30C0 /* Debug */ = {
			isa = XCBuildConfiguration;
			buildSettings = {
				CODE_SIGN_IDENTITY = "iPhone Developer";
				"CODE_SIGN_IDENTITY[sdk=iphoneos*]" = "iPhone Developer";
				INFOPLIST_FILE = sensorec/Info.plist;
				LD_RUNPATH_SEARCH_PATHS = "$(inherited) @executable_path/Frameworks";
				PRODUCT_NAME = "$(TARGET_NAME)";
				PROVISIONING_PROFILE = "";
			};
			name = Debug;
		};
		ACA4401B1A65C4C2009C30C0 /* Release */ = {
			isa = XCBuildConfiguration;
			buildSettings = {
				CODE_SIGN_IDENTITY = "iPhone Developer";
				"CODE_SIGN_IDENTITY[sdk=iphoneos*]" = "iPhone Developer";
				INFOPLIST_FILE = sensorec/Info.plist;
				LD_RUNPATH_SEARCH_PATHS = "$(inherited) @executable_path/Frameworks";
				PRODUCT_NAME = "$(TARGET_NAME)";
				PROVISIONING_PROFILE = "";
			};
			name = Release;
		};
		ACA4401D1A65C4C2009C30C0 /* Debug */ = {
			isa = XCBuildConfiguration;
			buildSettings = {
				BUNDLE_LOADER = "$(TEST_HOST)";
				FRAMEWORK_SEARCH_PATHS = (
					"$(SDKROOT)/Developer/Library/Frameworks",
					"$(inherited)",
				);
				GCC_PREPROCESSOR_DEFINITIONS = (
					"DEBUG=1",
					"$(inherited)",
				);
				INFOPLIST_FILE = sensorecTests/Info.plist;
				LD_RUNPATH_SEARCH_PATHS = "$(inherited) @executable_path/Frameworks @loader_path/Frameworks";
				PRODUCT_NAME = "$(TARGET_NAME)";
				TEST_HOST = "$(BUILT_PRODUCTS_DIR)/sensorec.app/sensorec";
			};
			name = Debug;
		};
		ACA4401E1A65C4C2009C30C0 /* Release */ = {
			isa = XCBuildConfiguration;
			buildSettings = {
				BUNDLE_LOADER = "$(TEST_HOST)";
				FRAMEWORK_SEARCH_PATHS = (
					"$(SDKROOT)/Developer/Library/Frameworks",
					"$(inherited)",
				);
				INFOPLIST_FILE = sensorecTests/Info.plist;
				LD_RUNPATH_SEARCH_PATHS = "$(inherited) @executable_path/Frameworks @loader_path/Frameworks";
				PRODUCT_NAME = "$(TARGET_NAME)";
				TEST_HOST = "$(BUILT_PRODUCTS_DIR)/sensorec.app/sensorec";
			};
			name = Release;
		};
/* End XCBuildConfiguration section */

/* Begin XCConfigurationList section */
		ACA43FF11A65C4C2009C30C0 /* Build configuration list for PBXProject "sensorec" */ = {
			isa = XCConfigurationList;
			buildConfigurations = (
				ACA440171A65C4C2009C30C0 /* Debug */,
				ACA440181A65C4C2009C30C0 /* Release */,
			);
			defaultConfigurationIsVisible = 0;
			defaultConfigurationName = Release;
		};
		ACA440191A65C4C2009C30C0 /* Build configuration list for PBXNativeTarget "sensorec" */ = {
			isa = XCConfigurationList;
			buildConfigurations = (
				ACA4401A1A65C4C2009C30C0 /* Debug */,
				ACA4401B1A65C4C2009C30C0 /* Release */,
			);
			defaultConfigurationIsVisible = 0;
			defaultConfigurationName = Release;
		};
		ACA4401C1A65C4C2009C30C0 /* Build configuration list for PBXNativeTarget "sensorecTests" */ = {
			isa = XCConfigurationList;
			buildConfigurations = (
				ACA4401D1A65C4C2009C30C0 /* Debug */,
				ACA4401E1A65C4C2009C30C0 /* Release */,
			);
			defaultConfigurationIsVisible = 0;
			defaultConfigurationName = Release;
		};
/* End XCConfigurationList section */
	};
	rootObject = ACA43FEE1A65C4C2009C30C0 /* Project object */;
}
